{
  "nodes": {
    "fenix": {
      "inputs": {
        "nixpkgs": [
          "nixpkgs"
        ],
        "rust-analyzer-src": "rust-analyzer-src"
      },
      "locked": {
        "lastModified": 1789124234,
        "narHash": "sha256-dIL6Pb9TBY7XKO0PVbyDJ4Oqp2lmaJGYPhDaWa81KPs=",
        "owner": "nix-community",
        "repo": "fenix",
        "rev": "2c14a45061976dbaa60b2a2b309d6be8f3c33fb8",
        "type": "github"
      },
      "original": {
        "owner": "nix-community",
        "repo": "fenix",
        "type": "github"
      }
    },
    "fenix_2": {
      "inputs": {
        "nixpkgs": [
          "polkadot",
          "nixpkgs"
        ],
        "rust-analyzer-src": "rust-analyzer-src_2"
      },
      "locked": {
        "lastModified": 1788691119,
        "narHash": "sha256-grir5cmE/yZKmMQwQrbADf8KJKJGp+gd82Vk0NmKETE=",
        "owner": "nix-community",
        "repo": "fenix",
        "rev": "a557691643f3b1ab520474d20ba2491d957ef729",
        "type": "github"
      },
      "original": {
        "owner": "nix-community",
        "repo": "fenix",
        "type": "github"
      }
    },
    "nixpkgs": {
      "locked": {
        "lastModified": 1788608636,
        "narHash": "sha256-RqeFOwW329f4i1f5QlJgQYwgEZvxIHJsUYlzIBxsKsY=",
        "owner": "NixOS",
        "repo": "nixpkgs",
        "rev": "0af3d1402dec3fc7e93635e511d1f7428c89cebf",
        "type": "github"
      },
      "original": {
        "owner": "NixOS",
        "repo": "nixpkgs",
        "rev": "0af3d1402dec3fc7e93635e511d1f7428c89cebf",
        "type": "github"
      }
    },
    "polkadot": {
      "inputs": {
        "fenix": "fenix_2",
        "nixpkgs": [
          "nixpkgs"
        ],
        "systems": "systems"
      },
      "locked": {
        "lastModified": 1788803890,
        "narHash": "sha256-xcHK+V2PJfEcI/l0geuFgBCZQttKzCgLn5WUMk4vBGk=",
        "owner": "andresilva",
        "repo": "polkadot.nix",
        "rev": "233b1c047152e02b97fec156f7ece5cac0830514",
        "type": "github"
      },
      "original": {
        "owner": "andresilva",
        "repo": "polkadot.nix",
        "type": "github"
      }
    },
    "root": {
      "inputs": {
        "fenix": "fenix",
        "nixpkgs": "nixpkgs",
        "polkadot": "polkadot",
        "systems": "systems_2"
      }
    },
    "rust-analyzer-src": {
      "flake": false,
      "locked": {
        "lastModified": 1789037220,
        "narHash": "sha256-8DckQQSsLUgCgkc4L0HzuahirRCCnEjOGnj/4mjf3U0=",
        "owner": "rust-lang",
        "repo": "rust-analyzer",
        "rev": "a879a4cbadc3bd3489ac05d529a2843c294c75fc",
        "type": "github"
      },
      "original": {
        "owner": "rust-lang",
        "ref": "nightly",
        "repo": "rust-analyzer",
        "type": "github"
      }
    },
    "rust-analyzer-src_2": {
      "flake": false,
      "locked": {
        "lastModified": 1788637890,
        "narHash": "sha256-mA2f4nLHFVf4pVvqbnNLdd6DcFN6Qqb0t1gWxaFRHcU=",
        "owner": "rust-lang",
        "repo": "rust-analyzer",
        "rev": "04a5986d7b8d274cf93f071613e50d884e4056a0",
        "type": "github"
      },
      "original": {
        "owner": "rust-lang",
        "ref": "nightly",
        "repo": "rust-analyzer",
        "type": "github"
      }
    },
    "systems": {
      "locked": {
        "lastModified": 1681028828,
        "narHash": "sha256-Vy1rq5AaRuLzOxct8nz4T6wlgyUR7zLU309k9mBC768=",
        "owner": "nix-systems",
        "repo": "default",
        "rev": "da67096a3b9bf56a91d16901293e51ba5b49a27e",
        "type": "github"
      },
      "original": {
        "owner": "nix-systems",
        "repo": "default",
        "type": "github"
      }
    },
    "systems_2": {
      "locked": {
        "lastModified": 1681028828,
        "narHash": "sha256-Vy1rq5AaRuLzOxct8nz4T6wlgyUR7zLU309k9mBC768=",
        "owner": "nix-systems",
        "repo": "default",
        "rev": "da67096a3b9bf56a91d16901293e51ba5b49a27e",
        "type": "github"
      },
      "original": {
        "owner": "nix-systems",
        "repo": "default",
        "type": "github"
      }
    }
  },
  "root": "root",
  "version": 7
}
